
Microsoft Visual Studio Solution File, Format Version 12.00
# Visual Studio Version 17
VisualStudioVersion = 17.13.35818.85 d17.13
MinimumVisualStudioVersion = 10.0.40219.1
Project("{FAE04EC0-301F-11D3-BF4B-00C04F79EFBC}") = "AreaCirculoAppMvvm", "AreaCirculoAppMvvm\AreaCirculoAppMvvm.csproj", "{214D423E-00E5-4C25-93AC-A8139A89B47C}"
EndProject
Global
	GlobalSection(SolutionConfigurationPlatforms) = preSolution
		Debug|Any CPU = Debug|Any CPU
		Release|Any CPU = Release|Any CPU
	EndGlobalSection
	GlobalSection(ProjectConfigurationPlatforms) = postSolution
		{214D423E-00E5-4C25-93AC-A8139A89B47C}.Debug|Any CPU.ActiveCfg = Debug|Any CPU
		{214D423E-00E5-4C25-93AC-A8139A89B47C}.Debug|Any CPU.Build.0 = Debug|Any CPU
		{214D423E-00E5-4C25-93AC-A8139A89B47C}.Debug|Any CPU.Deploy.0 = Debug|Any CPU
		{214D423E-00E5-4C25-93AC-A8139A89B47C}.Release|Any CPU.ActiveCfg = Release|Any CPU
		{214D423E-00E5-4C25-93AC-A8139A89B47C}.Release|Any CPU.Build.0 = Release|Any CPU
		{214D423E-00E5-4C25-93AC-A8139A89B47C}.Release|Any CPU.Deploy.0 = Release|Any CPU
	EndGlobalSection
	GlobalSection(SolutionProperties) = preSolution
		HideSolutionNode = FALSE
	EndGlobalSection
	GlobalSection(ExtensibilityGlobals) = postSolution
		SolutionGuid = {B80ECC86-80F4-4CFE-9752-8640E0D788A9}
	EndGlobalSection
EndGlobal
